
Microsoft Visual Studio Solution File, Format Version 12.00
Project("{FAE04EC0-301F-11D3-BF4B-00C04F79EFBC}") = "Ćwiczenia 7", "Ćwiczenia 7\Ćwiczenia 7.csproj", "{305D1F06-70B3-4EAA-9D14-84266B5BD821}"
EndProject
Global
	GlobalSection(SolutionConfigurationPlatforms) = preSolution
		Debug|Any CPU = Debug|Any CPU
		Release|Any CPU = Release|Any CPU
	EndGlobalSection
	GlobalSection(ProjectConfigurationPlatforms) = postSolution
		{305D1F06-70B3-4EAA-9D14-84266B5BD821}.Debug|Any CPU.ActiveCfg = Debug|Any CPU
		{305D1F06-70B3-4EAA-9D14-84266B5BD821}.Debug|Any CPU.Build.0 = Debug|Any CPU
		{305D1F06-70B3-4EAA-9D14-84266B5BD821}.Release|Any CPU.ActiveCfg = Release|Any CPU
		{305D1F06-70B3-4EAA-9D14-84266B5BD821}.Release|Any CPU.Build.0 = Release|Any CPU
	EndGlobalSection
EndGlobal
